
Microsoft Visual Studio Solution File, Format Version 12.00
# Visual Studio 15
VisualStudioVersion = 15.0.27703.2042
MinimumVisualStudioVersion = 10.0.40219.1
Project("{2150E333-8FDC-42A3-9474-1A3956D46DE8}") = "01.if-else", "01.if-else", "{FF6CA70C-8BF8-4591-AA95-C3A253843950}"
EndProject
Project("{2150E333-8FDC-42A3-9474-1A3956D46DE8}") = "02.compilacao-condicional", "02.compilacao-condicional", "{A38071A3-0CE7-4015-9BDF-3A02EB5C65C8}"
EndProject
Project("{2150E333-8FDC-42A3-9474-1A3956D46DE8}") = "03.while-do", "03.while-do", "{430CC3EA-20BF-4A42-B274-96408D3399E5}"
EndProject
Project("{2150E333-8FDC-42A3-9474-1A3956D46DE8}") = "04.for-foreach", "04.for-foreach", "{89264D13-9D08-48E2-AFE1-6631FBE3CF33}"
EndProject
Project("{2150E333-8FDC-42A3-9474-1A3956D46DE8}") = "05.try-catch", "05.try-catch", "{E940927C-E8F8-42C2-972C-470E2B21FFE7}"
EndProject
Project("{2150E333-8FDC-42A3-9474-1A3956D46DE8}") = "antes", "antes", "{EA38ACAA-C5D7-4BC3-A0B4-278C801CF538}"
EndProject
Project("{2150E333-8FDC-42A3-9474-1A3956D46DE8}") = "depois", "depois", "{4EC29D64-DB19-4535-B99B-9965DAD4AA62}"
EndProject
Project("{2150E333-8FDC-42A3-9474-1A3956D46DE8}") = "antes", "antes", "{FD0913B3-E83D-45FE-AA09-E21179F70615}"
EndProject
Project("{2150E333-8FDC-42A3-9474-1A3956D46DE8}") = "antes", "antes", "{6EF52D4D-0692-4D8B-AEEC-8562A43B1243}"
EndProject
Project("{2150E333-8FDC-42A3-9474-1A3956D46DE8}") = "antes", "antes", "{E0042C79-C784-4E91-836D-69E969D9CC37}"
EndProject
Project("{2150E333-8FDC-42A3-9474-1A3956D46DE8}") = "antes", "antes", "{30916409-96FC-4757-9A95-860971FA6DD8}"
EndProject
Project("{2150E333-8FDC-42A3-9474-1A3956D46DE8}") = "depois", "depois", "{7BF7BC80-C9F4-4477-82B3-2ADFF4C1D0D1}"
EndProject
Project("{2150E333-8FDC-42A3-9474-1A3956D46DE8}") = "depois", "depois", "{92219AB3-4518-4C59-A470-AED60F12049B}"
EndProject
Project("{2150E333-8FDC-42A3-9474-1A3956D46DE8}") = "depois", "depois", "{016EA7CB-F74B-406A-AAE7-D6C3C009CE9B}"
EndProject
Project("{2150E333-8FDC-42A3-9474-1A3956D46DE8}") = "depois", "depois", "{5500B737-2E6B-45A9-BF7D-94E6F44EC978}"
EndProject
Project("{9A19103F-16F7-4668-BE54-9A1E7A4F7556}") = "01.ByteBank_depois", "01\depois\01.ByteBank\01.ByteBank_depois.csproj", "{D76C4466-689E-4543-AE35-5EC188C076FE}"
EndProject
Project("{9A19103F-16F7-4668-BE54-9A1E7A4F7556}") = "02.ByteBank_depois", "02\depois\02.ByteBank\02.ByteBank_depois.csproj", "{88A2C74C-A458-4D31-9B01-8F783B5AE24E}"
EndProject
Project("{9A19103F-16F7-4668-BE54-9A1E7A4F7556}") = "03.ByteBank_depois", "03\depois\03.ByteBank\03.ByteBank_depois.csproj", "{E79E37C3-7365-4733-8077-4756FB2FD9B5}"
EndProject
Project("{9A19103F-16F7-4668-BE54-9A1E7A4F7556}") = "04.ByteBank_depois", "04\depois\04.ByteBank\04.ByteBank_depois.csproj", "{EC67A2A8-DE48-47E4-92EA-270BE5219579}"
EndProject
Project("{FAE04EC0-301F-11D3-BF4B-00C04F79EFBC}") = "05.ByteBank_depois", "05\depois\05.ByteBank\05.ByteBank_depois.csproj", "{F34EFC75-99B3-4EA4-86E1-F3C5C47540C5}"
EndProject
Project("{2150E333-8FDC-42A3-9474-1A3956D46DE8}") = "Habilidades medidas", "Habilidades medidas", "{8B893845-9AEE-415A-8442-0323EB2469AD}"
	ProjectSection(SolutionItems) = preProject
		Exame.md = Exame.md
		img1.png = img1.png
		img2.png = img2.png
		img3.png = img3.png
		img4.png = img4.png
	EndProjectSection
EndProject
Project("{9A19103F-16F7-4668-BE54-9A1E7A4F7556}") = "01.ByteBank", "01\antes\01.ByteBank\01.ByteBank.csproj", "{CCDE257D-B04D-40A8-A5A4-476EA7B21B91}"
EndProject
Project("{9A19103F-16F7-4668-BE54-9A1E7A4F7556}") = "02.ByteBank", "02\antes\02.ByteBank\02.ByteBank.csproj", "{67399503-2EF0-4D25-B49A-0BDE954D3CF6}"
EndProject
Project("{9A19103F-16F7-4668-BE54-9A1E7A4F7556}") = "03.ByteBank", "03\antes\03.ByteBank\03.ByteBank.csproj", "{A7D92255-E77D-49B3-9B14-2B8853E3BA49}"
EndProject
Project("{9A19103F-16F7-4668-BE54-9A1E7A4F7556}") = "04.ByteBank", "04\antes\04.ByteBank\04.ByteBank.csproj", "{8346301E-5D2D-4C6F-A2B9-F8074AA5A37B}"
EndProject
Project("{FAE04EC0-301F-11D3-BF4B-00C04F79EFBC}") = "05.ByteBank", "05\antes\05.ByteBank\05.ByteBank.csproj", "{C8E7AE9C-8CB0-40AA-9910-02E5305ACF7B}"
EndProject
Project("{2150E333-8FDC-42A3-9474-1A3956D46DE8}") = "Exceptions", "Exceptions", "{6898B1BA-134D-4C31-BAC6-D49F0AFB4DF1}"
EndProject
Project("{FAE04EC0-301F-11D3-BF4B-00C04F79EFBC}") = "ClienteCalculadora", "Exceptions\ClienteCalculadora\ClienteCalculadora.csproj", "{F6D8FC2E-62D0-4554-AC3E-1964042590E3}"
EndProject
Project("{FAE04EC0-301F-11D3-BF4B-00C04F79EFBC}") = "ServicoCalculadora", "Exceptions\ServicoCalculadora\ServicoCalculadora.csproj", "{B583826F-E083-4CA6-9726-6B94898F939B}"
EndProject
Project("{2150E333-8FDC-42A3-9474-1A3956D46DE8}") = "Imagens", "Imagens", "{561F39E8-59E1-4119-94F0-B4F0DDCB0832}"
EndProject
Project("{2150E333-8FDC-42A3-9474-1A3956D46DE8}") = "01.if-else", "01.if-else", "{45955B76-3377-4D5A-BE83-BA603A73F5C0}"
	ProjectSection(SolutionItems) = preProject
		Imagens\01.if-else\img1.png = Imagens\01.if-else\img1.png
		Imagens\01.if-else\img10.png = Imagens\01.if-else\img10.png
		Imagens\01.if-else\img2.png = Imagens\01.if-else\img2.png
		Imagens\01.if-else\img3.png = Imagens\01.if-else\img3.png
		Imagens\01.if-else\img4.png = Imagens\01.if-else\img4.png
		Imagens\01.if-else\img5.png = Imagens\01.if-else\img5.png
		Imagens\01.if-else\img6.png = Imagens\01.if-else\img6.png
		Imagens\01.if-else\img7.png = Imagens\01.if-else\img7.png
		Imagens\01.if-else\img8.png = Imagens\01.if-else\img8.png
		Imagens\01.if-else\img9.png = Imagens\01.if-else\img9.png
	EndProjectSection
EndProject
Project("{2150E333-8FDC-42A3-9474-1A3956D46DE8}") = "01.operadores-expressoes", "01.operadores-expressoes", "{399B806B-1AD9-4FC5-99CD-DFA77B1C9758}"
	ProjectSection(SolutionItems) = preProject
		explicação.md = explicação.md
		Imagens\01.operadores-expressoes\img1.png = Imagens\01.operadores-expressoes\img1.png
		Imagens\01.operadores-expressoes\img10.png = Imagens\01.operadores-expressoes\img10.png
		Imagens\01.operadores-expressoes\img11.png = Imagens\01.operadores-expressoes\img11.png
		Imagens\01.operadores-expressoes\img12.png = Imagens\01.operadores-expressoes\img12.png
		Imagens\01.operadores-expressoes\img13.png = Imagens\01.operadores-expressoes\img13.png
		Imagens\01.operadores-expressoes\img14.png = Imagens\01.operadores-expressoes\img14.png
		Imagens\01.operadores-expressoes\img15.png = Imagens\01.operadores-expressoes\img15.png
		Imagens\01.operadores-expressoes\img16.png = Imagens\01.operadores-expressoes\img16.png
		Imagens\01.operadores-expressoes\img2.png = Imagens\01.operadores-expressoes\img2.png
		Imagens\01.operadores-expressoes\img3.png = Imagens\01.operadores-expressoes\img3.png
		Imagens\01.operadores-expressoes\img4.png = Imagens\01.operadores-expressoes\img4.png
		Imagens\01.operadores-expressoes\img5.png = Imagens\01.operadores-expressoes\img5.png
		Imagens\01.operadores-expressoes\img6.png = Imagens\01.operadores-expressoes\img6.png
		Imagens\01.operadores-expressoes\img7.png = Imagens\01.operadores-expressoes\img7.png
		Imagens\01.operadores-expressoes\img8.png = Imagens\01.operadores-expressoes\img8.png
		Imagens\01.operadores-expressoes\img9.png = Imagens\01.operadores-expressoes\img9.png
	EndProjectSection
EndProject
Project("{2150E333-8FDC-42A3-9474-1A3956D46DE8}") = "02.compilacao-condicional", "02.compilacao-condicional", "{8A5F6617-E09A-4E18-8977-E37CC0E387F0}"
	ProjectSection(SolutionItems) = preProject
		explicação2.md = explicação2.md
	EndProjectSection
EndProject
Global
	GlobalSection(SolutionConfigurationPlatforms) = preSolution
		Debug|Any CPU = Debug|Any CPU
		Release|Any CPU = Release|Any CPU
	EndGlobalSection
	GlobalSection(ProjectConfigurationPlatforms) = postSolution
		{D76C4466-689E-4543-AE35-5EC188C076FE}.Debug|Any CPU.ActiveCfg = Debug|Any CPU
		{D76C4466-689E-4543-AE35-5EC188C076FE}.Debug|Any CPU.Build.0 = Debug|Any CPU
		{D76C4466-689E-4543-AE35-5EC188C076FE}.Release|Any CPU.ActiveCfg = Release|Any CPU
		{D76C4466-689E-4543-AE35-5EC188C076FE}.Release|Any CPU.Build.0 = Release|Any CPU
		{88A2C74C-A458-4D31-9B01-8F783B5AE24E}.Debug|Any CPU.ActiveCfg = Debug|Any CPU
		{88A2C74C-A458-4D31-9B01-8F783B5AE24E}.Debug|Any CPU.Build.0 = Debug|Any CPU
		{88A2C74C-A458-4D31-9B01-8F783B5AE24E}.Release|Any CPU.ActiveCfg = Release|Any CPU
		{88A2C74C-A458-4D31-9B01-8F783B5AE24E}.Release|Any CPU.Build.0 = Release|Any CPU
		{E79E37C3-7365-4733-8077-4756FB2FD9B5}.Debug|Any CPU.ActiveCfg = Debug|Any CPU
		{E79E37C3-7365-4733-8077-4756FB2FD9B5}.Debug|Any CPU.Build.0 = Debug|Any CPU
		{E79E37C3-7365-4733-8077-4756FB2FD9B5}.Release|Any CPU.ActiveCfg = Release|Any CPU
		{E79E37C3-7365-4733-8077-4756FB2FD9B5}.Release|Any CPU.Build.0 = Release|Any CPU
		{EC67A2A8-DE48-47E4-92EA-270BE5219579}.Debug|Any CPU.ActiveCfg = Debug|Any CPU
		{EC67A2A8-DE48-47E4-92EA-270BE5219579}.Debug|Any CPU.Build.0 = Debug|Any CPU
		{EC67A2A8-DE48-47E4-92EA-270BE5219579}.Release|Any CPU.ActiveCfg = Release|Any CPU
		{EC67A2A8-DE48-47E4-92EA-270BE5219579}.Release|Any CPU.Build.0 = Release|Any CPU
		{F34EFC75-99B3-4EA4-86E1-F3C5C47540C5}.Debug|Any CPU.ActiveCfg = Debug|Any CPU
		{F34EFC75-99B3-4EA4-86E1-F3C5C47540C5}.Debug|Any CPU.Build.0 = Debug|Any CPU
		{F34EFC75-99B3-4EA4-86E1-F3C5C47540C5}.Release|Any CPU.ActiveCfg = Release|Any CPU
		{F34EFC75-99B3-4EA4-86E1-F3C5C47540C5}.Release|Any CPU.Build.0 = Release|Any CPU
		{CCDE257D-B04D-40A8-A5A4-476EA7B21B91}.Debug|Any CPU.ActiveCfg = Debug|Any CPU
		{CCDE257D-B04D-40A8-A5A4-476EA7B21B91}.Debug|Any CPU.Build.0 = Debug|Any CPU
		{CCDE257D-B04D-40A8-A5A4-476EA7B21B91}.Release|Any CPU.ActiveCfg = Release|Any CPU
		{CCDE257D-B04D-40A8-A5A4-476EA7B21B91}.Release|Any CPU.Build.0 = Release|Any CPU
		{67399503-2EF0-4D25-B49A-0BDE954D3CF6}.Debug|Any CPU.ActiveCfg = Debug|Any CPU
		{67399503-2EF0-4D25-B49A-0BDE954D3CF6}.Debug|Any CPU.Build.0 = Debug|Any CPU
		{67399503-2EF0-4D25-B49A-0BDE954D3CF6}.Release|Any CPU.ActiveCfg = Release|Any CPU
		{67399503-2EF0-4D25-B49A-0BDE954D3CF6}.Release|Any CPU.Build.0 = Release|Any CPU
		{A7D92255-E77D-49B3-9B14-2B8853E3BA49}.Debug|Any CPU.ActiveCfg = Debug|Any CPU
		{A7D92255-E77D-49B3-9B14-2B8853E3BA49}.Debug|Any CPU.Build.0 = Debug|Any CPU
		{A7D92255-E77D-49B3-9B14-2B8853E3BA49}.Release|Any CPU.ActiveCfg = Release|Any CPU
		{A7D92255-E77D-49B3-9B14-2B8853E3BA49}.Release|Any CPU.Build.0 = Release|Any CPU
		{8346301E-5D2D-4C6F-A2B9-F8074AA5A37B}.Debug|Any CPU.ActiveCfg = Debug|Any CPU
		{8346301E-5D2D-4C6F-A2B9-F8074AA5A37B}.Debug|Any CPU.Build.0 = Debug|Any CPU
		{8346301E-5D2D-4C6F-A2B9-F8074AA5A37B}.Release|Any CPU.ActiveCfg = Release|Any CPU
		{8346301E-5D2D-4C6F-A2B9-F8074AA5A37B}.Release|Any CPU.Build.0 = Release|Any CPU
		{C8E7AE9C-8CB0-40AA-9910-02E5305ACF7B}.Debug|Any CPU.ActiveCfg = Debug|Any CPU
		{C8E7AE9C-8CB0-40AA-9910-02E5305ACF7B}.Debug|Any CPU.Build.0 = Debug|Any CPU
		{C8E7AE9C-8CB0-40AA-9910-02E5305ACF7B}.Release|Any CPU.ActiveCfg = Release|Any CPU
		{C8E7AE9C-8CB0-40AA-9910-02E5305ACF7B}.Release|Any CPU.Build.0 = Release|Any CPU
		{F6D8FC2E-62D0-4554-AC3E-1964042590E3}.Debug|Any CPU.ActiveCfg = Debug|Any CPU
		{F6D8FC2E-62D0-4554-AC3E-1964042590E3}.Debug|Any CPU.Build.0 = Debug|Any CPU
		{F6D8FC2E-62D0-4554-AC3E-1964042590E3}.Release|Any CPU.ActiveCfg = Release|Any CPU
		{F6D8FC2E-62D0-4554-AC3E-1964042590E3}.Release|Any CPU.Build.0 = Release|Any CPU
		{B583826F-E083-4CA6-9726-6B94898F939B}.Debug|Any CPU.ActiveCfg = Debug|Any CPU
		{B583826F-E083-4CA6-9726-6B94898F939B}.Debug|Any CPU.Build.0 = Debug|Any CPU
		{B583826F-E083-4CA6-9726-6B94898F939B}.Release|Any CPU.ActiveCfg = Release|Any CPU
		{B583826F-E083-4CA6-9726-6B94898F939B}.Release|Any CPU.Build.0 = Release|Any CPU
	EndGlobalSection
	GlobalSection(SolutionProperties) = preSolution
		HideSolutionNode = FALSE
	EndGlobalSection
	GlobalSection(NestedProjects) = preSolution
		{EA38ACAA-C5D7-4BC3-A0B4-278C801CF538} = {FF6CA70C-8BF8-4591-AA95-C3A253843950}
		{4EC29D64-DB19-4535-B99B-9965DAD4AA62} = {FF6CA70C-8BF8-4591-AA95-C3A253843950}
		{FD0913B3-E83D-45FE-AA09-E21179F70615} = {A38071A3-0CE7-4015-9BDF-3A02EB5C65C8}
		{6EF52D4D-0692-4D8B-AEEC-8562A43B1243} = {430CC3EA-20BF-4A42-B274-96408D3399E5}
		{E0042C79-C784-4E91-836D-69E969D9CC37} = {89264D13-9D08-48E2-AFE1-6631FBE3CF33}
		{30916409-96FC-4757-9A95-860971FA6DD8} = {E940927C-E8F8-42C2-972C-470E2B21FFE7}
		{7BF7BC80-C9F4-4477-82B3-2ADFF4C1D0D1} = {A38071A3-0CE7-4015-9BDF-3A02EB5C65C8}
		{92219AB3-4518-4C59-A470-AED60F12049B} = {430CC3EA-20BF-4A42-B274-96408D3399E5}
		{016EA7CB-F74B-406A-AAE7-D6C3C009CE9B} = {89264D13-9D08-48E2-AFE1-6631FBE3CF33}
		{5500B737-2E6B-45A9-BF7D-94E6F44EC978} = {E940927C-E8F8-42C2-972C-470E2B21FFE7}
		{D76C4466-689E-4543-AE35-5EC188C076FE} = {4EC29D64-DB19-4535-B99B-9965DAD4AA62}
		{88A2C74C-A458-4D31-9B01-8F783B5AE24E} = {7BF7BC80-C9F4-4477-82B3-2ADFF4C1D0D1}
		{E79E37C3-7365-4733-8077-4756FB2FD9B5} = {92219AB3-4518-4C59-A470-AED60F12049B}
		{EC67A2A8-DE48-47E4-92EA-270BE5219579} = {016EA7CB-F74B-406A-AAE7-D6C3C009CE9B}
		{F34EFC75-99B3-4EA4-86E1-F3C5C47540C5} = {5500B737-2E6B-45A9-BF7D-94E6F44EC978}
		{CCDE257D-B04D-40A8-A5A4-476EA7B21B91} = {EA38ACAA-C5D7-4BC3-A0B4-278C801CF538}
		{67399503-2EF0-4D25-B49A-0BDE954D3CF6} = {FD0913B3-E83D-45FE-AA09-E21179F70615}
		{A7D92255-E77D-49B3-9B14-2B8853E3BA49} = {6EF52D4D-0692-4D8B-AEEC-8562A43B1243}
		{8346301E-5D2D-4C6F-A2B9-F8074AA5A37B} = {E0042C79-C784-4E91-836D-69E969D9CC37}
		{C8E7AE9C-8CB0-40AA-9910-02E5305ACF7B} = {30916409-96FC-4757-9A95-860971FA6DD8}
		{F6D8FC2E-62D0-4554-AC3E-1964042590E3} = {6898B1BA-134D-4C31-BAC6-D49F0AFB4DF1}
		{B583826F-E083-4CA6-9726-6B94898F939B} = {6898B1BA-134D-4C31-BAC6-D49F0AFB4DF1}
		{45955B76-3377-4D5A-BE83-BA603A73F5C0} = {561F39E8-59E1-4119-94F0-B4F0DDCB0832}
		{399B806B-1AD9-4FC5-99CD-DFA77B1C9758} = {561F39E8-59E1-4119-94F0-B4F0DDCB0832}
		{8A5F6617-E09A-4E18-8977-E37CC0E387F0} = {561F39E8-59E1-4119-94F0-B4F0DDCB0832}
	EndGlobalSection
	GlobalSection(ExtensibilityGlobals) = postSolution
		SolutionGuid = {CF8867F2-5852-4645-9DD8-568AFBDF1D72}
	EndGlobalSection
EndGlobal
